
Microsoft Visual Studio Solution File, Format Version 12.00
# Visual Studio Version 16
VisualStudioVersion = 16.0.29519.181
MinimumVisualStudioVersion = 10.0.40219.1
Project("{FAE04EC0-301F-11D3-BF4B-00C04F79EFBC}") = "ProjectAPP", "ProjectAPP\ProjectAPP.csproj", "{CAC6243F-A1A9-4F15-875A-C6E55943601A}"
EndProject
Global
	GlobalSection(SolutionConfigurationPlatforms) = preSolution
		Debug|Any CPU = Debug|Any CPU
		Release|Any CPU = Release|Any CPU
	EndGlobalSection
	GlobalSection(ProjectConfigurationPlatforms) = postSolution
		{CAC6243F-A1A9-4F15-875A-C6E55943601A}.Debug|Any CPU.ActiveCfg = Debug|Any CPU
		{CAC6243F-A1A9-4F15-875A-C6E55943601A}.Debug|Any CPU.Build.0 = Debug|Any CPU
		{CAC6243F-A1A9-4F15-875A-C6E55943601A}.Release|Any CPU.ActiveCfg = Release|Any CPU
		{CAC6243F-A1A9-4F15-875A-C6E55943601A}.Release|Any CPU.Build.0 = Release|Any CPU
	EndGlobalSection
	GlobalSection(SolutionProperties) = preSolution
		HideSolutionNode = FALSE
	EndGlobalSection
	GlobalSection(ExtensibilityGlobals) = postSolution
		SolutionGuid = {56FF4991-F149-420D-8148-5C19B9114AE0}
	EndGlobalSection
EndGlobal
